
Microsoft Visual Studio Solution File, Format Version 12.00
# Visual Studio 15
VisualStudioVersion = 15.0.28307.168
MinimumVisualStudioVersion = 10.0.40219.1
Project("{FAE04EC0-301F-11D3-BF4B-00C04F79EFBC}") = "basesdeDatos", "basesdeDatos\basesdeDatos.csproj", "{EF6FCD9D-3A6A-4C33-9CFC-DAA094DA7263}"
EndProject
Global
	GlobalSection(SolutionConfigurationPlatforms) = preSolution
		Debug|Any CPU = Debug|Any CPU
		Release|Any CPU = Release|Any CPU
	EndGlobalSection
	GlobalSection(ProjectConfigurationPlatforms) = postSolution
		{EF6FCD9D-3A6A-4C33-9CFC-DAA094DA7263}.Debug|Any CPU.ActiveCfg = Debug|Any CPU
		{EF6FCD9D-3A6A-4C33-9CFC-DAA094DA7263}.Debug|Any CPU.Build.0 = Debug|Any CPU
		{EF6FCD9D-3A6A-4C33-9CFC-DAA094DA7263}.Release|Any CPU.ActiveCfg = Release|Any CPU
		{EF6FCD9D-3A6A-4C33-9CFC-DAA094DA7263}.Release|Any CPU.Build.0 = Release|Any CPU
	EndGlobalSection
	GlobalSection(SolutionProperties) = preSolution
		HideSolutionNode = FALSE
	EndGlobalSection
	GlobalSection(ExtensibilityGlobals) = postSolution
		SolutionGuid = {A5730495-DB7F-4060-BB39-AB699D7EBABC}
	EndGlobalSection
EndGlobal
